
Microsoft Visual Studio Solution File, Format Version 12.00
# Visual Studio 15
VisualStudioVersion = 15.0.28010.2019
MinimumVisualStudioVersion = 10.0.40219.1
Project("{FAE04EC0-301F-11D3-BF4B-00C04F79EFBC}") = "Register", "Register\Register.csproj", "{4995E494-30B3-4074-A9A2-56C1159E4374}"
EndProject
Global
	GlobalSection(SolutionConfigurationPlatforms) = preSolution
		Debug|Any CPU = Debug|Any CPU
		Release|Any CPU = Release|Any CPU
	EndGlobalSection
	GlobalSection(ProjectConfigurationPlatforms) = postSolution
		{4995E494-30B3-4074-A9A2-56C1159E4374}.Debug|Any CPU.ActiveCfg = Debug|Any CPU
		{4995E494-30B3-4074-A9A2-56C1159E4374}.Debug|Any CPU.Build.0 = Debug|Any CPU
		{4995E494-30B3-4074-A9A2-56C1159E4374}.Release|Any CPU.ActiveCfg = Release|Any CPU
		{4995E494-30B3-4074-A9A2-56C1159E4374}.Release|Any CPU.Build.0 = Release|Any CPU
	EndGlobalSection
	GlobalSection(SolutionProperties) = preSolution
		HideSolutionNode = FALSE
	EndGlobalSection
	GlobalSection(ExtensibilityGlobals) = postSolution
		SolutionGuid = {25E2902B-AD72-4BFF-92D9-085260BDA85C}
	EndGlobalSection
EndGlobal
